
Microsoft Visual Studio Solution File, Format Version 12.00
# Visual Studio Version 17
VisualStudioVersion = 17.13.35919.96 d17.13
MinimumVisualStudioVersion = 10.0.40219.1
Project("{FAE04EC0-301F-11D3-BF4B-00C04F79EFBC}") = "SemanticKernelContentCreatorExample.APP", "SemanticKernelContentCreatorExample.APP\SemanticKernelContentCreatorExample.APP.csproj", "{FA4657F5-CCC6-4709-B2FB-EDA7724A6D28}"
EndProject
Global
	GlobalSection(SolutionConfigurationPlatforms) = preSolution
		Debug|Any CPU = Debug|Any CPU
		Release|Any CPU = Release|Any CPU
	EndGlobalSection
	GlobalSection(ProjectConfigurationPlatforms) = postSolution
		{FA4657F5-CCC6-4709-B2FB-EDA7724A6D28}.Debug|Any CPU.ActiveCfg = Debug|Any CPU
		{FA4657F5-CCC6-4709-B2FB-EDA7724A6D28}.Debug|Any CPU.Build.0 = Debug|Any CPU
		{FA4657F5-CCC6-4709-B2FB-EDA7724A6D28}.Release|Any CPU.ActiveCfg = Release|Any CPU
		{FA4657F5-CCC6-4709-B2FB-EDA7724A6D28}.Release|Any CPU.Build.0 = Release|Any CPU
	EndGlobalSection
	GlobalSection(SolutionProperties) = preSolution
		HideSolutionNode = FALSE
	EndGlobalSection
	GlobalSection(ExtensibilityGlobals) = postSolution
		SolutionGuid = {7F97F788-028D-49CC-B4E6-5E43043740C1}
	EndGlobalSection
EndGlobal
